PODS:
  - Alamofire (4.5.1)
  - Charts (3.0.3):
    - Charts/Core (= 3.0.3)
  - Charts/Core (3.0.3)
  - SwiftKeychainWrapper (3.1.0)

DEPENDENCIES:
  - Alamofire (~> 4.0)
  - Charts
  - SwiftKeychainWrapper (from `https://github.com/jrendel/SwiftKeychainWrapper.git`)

EXTERNAL SOURCES:
  SwiftKeychainWrapper:
    :git: https://github.com/jrendel/SwiftKeychainWrapper.git

CHECKOUT OPTIONS:
  SwiftKeychainWrapper:
    :commit: 77f73c354d695d976bcf1437fc9fbcea981aa2b4
    :git: https://github.com/jrendel/SwiftKeychainWrapper.git

SPEC CHECKSUMS:
  Alamofire: 2d95912bf4c34f164fdfc335872e8c312acaea4a
  Charts: bcde37724c161958c1438dd4883971fcb2d50c06
  SwiftKeychainWrapper: fe63ac0e19acd227aa031043de5a8f88a3ff23da

PODFILE CHECKSUM: 0292e066ead79a33e0b5627d63f28f57e6f89fc7

COCOAPODS: 1.3.1
