// !$*UTF8*$!
{
	archiveVersion = 1;
	classes = {
	};
	objectVersion = 46;
	objects = {

/* Begin PBXBuildFile section */
		3D0009081F3D183A00669E72 /* DeletePatientViewController.swift in Sources */ = {isa = PBXBuildFile; fileRef = 3D0009071F3D183A00669E72 /* DeletePatientViewController.swift */; };
		3D0009151F3DFFB100669E72 /* DeletePatientTableViewCell.swift in Sources */ = {isa = PBXBuildFile; fileRef = 3D0009141F3DFFB100669E72 /* DeletePatientTableViewCell.swift */; };
		3D0009171F4007DC00669E72 /* RegistrationViewController.swift in Sources */ = {isa = PBXBuildFile; fileRef = 3D0009161F4007DB00669E72 /* RegistrationViewController.swift */; };
		3D0009191F40CFAA00669E72 /* AccountSettingsViewController.swift in Sources */ = {isa = PBXBuildFile; fileRef = 3D0009181F40CFA900669E72 /* AccountSettingsViewController.swift */; };
		3D0DC6021EF041DC0011CB7D /* LoginViewController.swift in Sources */ = {isa = PBXBuildFile; fileRef = 3D0DC6011EF041DC0011CB7D /* LoginViewController.swift */; };
		3D2633471EF441D700BD3750 /* SWRevealViewController.m in Sources */ = {isa = PBXBuildFile; fileRef = 3D2633461EF441D700BD3750 /* SWRevealViewController.m */; };
		3D26334D1EF97B5F00BD3750 /* AddPatientViewController.swift in Sources */ = {isa = PBXBuildFile; fileRef = 3D26334C1EF97B5F00BD3750 /* AddPatientViewController.swift */; };
		3D2633511EF991E200BD3750 /* SlideOutViewController.swift in Sources */ = {isa = PBXBuildFile; fileRef = 3D2633501EF991E200BD3750 /* SlideOutViewController.swift */; };
		3D5DAEAC1EFAF29600D650EA /* StatisticsViewController.swift in Sources */ = {isa = PBXBuildFile; fileRef = 3D5DAEAB1EFAF29600D650EA /* StatisticsViewController.swift */; };
		3D5DAEAF1EFAF3FC00D650EA /* SensorChartView.swift in Sources */ = {isa = PBXBuildFile; fileRef = 3D5DAEAE1EFAF3FC00D650EA /* SensorChartView.swift */; };
		3D5DAEB11EFAF40B00D650EA /* ObservedChartView.swift in Sources */ = {isa = PBXBuildFile; fileRef = 3D5DAEB01EFAF40B00D650EA /* ObservedChartView.swift */; };
		3D5DAEB71EFB0D1100D650EA /* XAxisFormatter.swift in Sources */ = {isa = PBXBuildFile; fileRef = 3D5DAEB61EFB0D1100D650EA /* XAxisFormatter.swift */; };
		3D5DAEB91EFC95F300D650EA /* UserNotifications.framework in Frameworks */ = {isa = PBXBuildFile; fileRef = 3D5DAEB81EFC95F300D650EA /* UserNotifications.framework */; };
		3DA2A2591F158A4900E7B78D /* ModelViewController.swift in Sources */ = {isa = PBXBuildFile; fileRef = 3DA2A2581F158A4900E7B78D /* ModelViewController.swift */; };
		3DD887901F029304005A2438 /* UIButtonX.swift in Sources */ = {isa = PBXBuildFile; fileRef = 3DD887851F029304005A2438 /* UIButtonX.swift */; };
		3DD887911F029304005A2438 /* UIImageViewX.swift in Sources */ = {isa = PBXBuildFile; fileRef = 3DD887861F029304005A2438 /* UIImageViewX.swift */; };
		3DD887921F029304005A2438 /* UILabelX.swift in Sources */ = {isa = PBXBuildFile; fileRef = 3DD887871F029304005A2438 /* UILabelX.swift */; };
		3DD887931F029304005A2438 /* UISliderX.swift in Sources */ = {isa = PBXBuildFile; fileRef = 3DD887881F029304005A2438 /* UISliderX.swift */; };
		3DD887941F029304005A2438 /* UITextFieldX.swift in Sources */ = {isa = PBXBuildFile; fileRef = 3DD887891F029304005A2438 /* UITextFieldX.swift */; };
		3DD887951F029304005A2438 /* UIViewAnchorPoint.swift in Sources */ = {isa = PBXBuildFile; fileRef = 3DD8878A1F029304005A2438 /* UIViewAnchorPoint.swift */; };
		3DD887961F029304005A2438 /* UIViewControllerX.swift in Sources */ = {isa = PBXBuildFile; fileRef = 3DD8878B1F029304005A2438 /* UIViewControllerX.swift */; };
		3DD887971F029304005A2438 /* UIViewX.swift in Sources */ = {isa = PBXBuildFile; fileRef = 3DD8878C1F029304005A2438 /* UIViewX.swift */; };
		3DD887981F029304005A2438 /* UIViewXRadialGradient.swift in Sources */ = {isa = PBXBuildFile; fileRef = 3DD8878D1F029304005A2438 /* UIViewXRadialGradient.swift */; };
		3DD887991F029304005A2438 /* UIVisualEffectViewX.swift in Sources */ = {isa = PBXBuildFile; fileRef = 3DD8878E1F029304005A2438 /* UIVisualEffectViewX.swift */; };
		3DD887AB1F0FB399005A2438 /* ActionCollectionViewCell.swift in Sources */ = {isa = PBXBuildFile; fileRef = 3DD887AA1F0FB399005A2438 /* ActionCollectionViewCell.swift */; };
		3DD888081F0FD62B005A2438 /* ActionCollectionReusableView.swift in Sources */ = {isa = PBXBuildFile; fileRef = 3DD888071F0FD62B005A2438 /* ActionCollectionReusableView.swift */; };
		3DD8880A1F13CF19005A2438 /* ActionTableViewCell.swift in Sources */ = {isa = PBXBuildFile; fileRef = 3DD888091F13CF19005A2438 /* ActionTableViewCell.swift */; };
		41B61AE71EE5A3F9008865FF /* AppDelegate.swift in Sources */ = {isa = PBXBuildFile; fileRef = 41B61AE61EE5A3F9008865FF /* AppDelegate.swift */; };
		41B61AE91EE5A3F9008865FF /* DetailViewController.swift in Sources */ = {isa = PBXBuildFile; fileRef = 41B61AE81EE5A3F9008865FF /* DetailViewController.swift */; };
		41B61AEC1EE5A3F9008865FF /* Main.storyboard in Resources */ = {isa = PBXBuildFile; fileRef = 41B61AEA1EE5A3F9008865FF /* Main.storyboard */; };
		41B61AEE1EE5A3F9008865FF /* Assets.xcassets in Resources */ = {isa = PBXBuildFile; fileRef = 41B61AED1EE5A3F9008865FF /* Assets.xcassets */; };
		41B61AF11EE5A3FA008865FF /* LaunchScreen.storyboard in Resources */ = {isa = PBXBuildFile; fileRef = 41B61AEF1EE5A3FA008865FF /* LaunchScreen.storyboard */; };
		41B61AFB1EE71764008865FF /* PatientRootTableViewController.swift in Sources */ = {isa = PBXBuildFile; fileRef = 41B61AFA1EE71764008865FF /* PatientRootTableViewController.swift */; };
		41B61AFD1EE71A68008865FF /* PatientRootTableViewCell.swift in Sources */ = {isa = PBXBuildFile; fileRef = 41B61AFC1EE71A68008865FF /* PatientRootTableViewCell.swift */; };
		41B61AFF1EE71D69008865FF /* PatientRootUIView.swift in Sources */ = {isa = PBXBuildFile; fileRef = 41B61AFE1EE71D69008865FF /* PatientRootUIView.swift */; };
		41B61B011EE7212F008865FF /* Global.swift in Sources */ = {isa = PBXBuildFile; fileRef = 41B61B001EE7212F008865FF /* Global.swift */; };
		C8805F71395929D7949B573D /* Pods_AggressionMonitoring.framework in Frameworks */ = {isa = PBXBuildFile; fileRef = ED4822AEF47FCD63D5681ECC /* Pods_AggressionMonitoring.framework */; };
/* End PBXBuildFile section */

/* Begin PBXFileReference section */
		2AB310B3DECAF560B2C188C8 /* Pods_AgressionMonitoring.framework */ = {isa = PBXFileReference; explicitFileType = wrapper.framework; includeInIndex = 0; path = Pods_AgressionMonitoring.framework; sourceTree = BUILT_PRODUCTS_DIR; };
		3916462B6938D3BCE08B58C9 /* Pods-AgressionMonitoring.release.xcconfig */ = {isa = PBXFileReference; includeInIndex = 1; lastKnownFileType = text.xcconfig; name = "Pods-AgressionMonitoring.release.xcconfig"; path = "Pods/Target Support Files/Pods-AgressionMonitoring/Pods-AgressionMonitoring.release.xcconfig"; sourceTree = "<group>"; };
		3D0009071F3D183A00669E72 /* DeletePatientViewController.swift */ = {isa = PBXFileReference; fileEncoding = 4; lastKnownFileType = sourcecode.swift; path = DeletePatientViewController.swift; sourceTree = "<group>"; };
		3D0009141F3DFFB100669E72 /* DeletePatientTableViewCell.swift */ = {isa = PBXFileReference; fileEncoding = 4; lastKnownFileType = sourcecode.swift; path = DeletePatientTableViewCell.swift; sourceTree = "<group>"; };
		3D0009161F4007DB00669E72 /* RegistrationViewController.swift */ = {isa = PBXFileReference; fileEncoding = 4; lastKnownFileType = sourcecode.swift; path = RegistrationViewController.swift; sourceTree = "<group>"; };
		3D0009181F40CFA900669E72 /* AccountSettingsViewController.swift */ = {isa = PBXFileReference; fileEncoding = 4; lastKnownFileType = sourcecode.swift; path = AccountSettingsViewController.swift; sourceTree = "<group>"; };
		3D0DC6011EF041DC0011CB7D /* LoginViewController.swift */ = {isa = PBXFileReference; fileEncoding = 4; lastKnownFileType = sourcecode.swift; path = LoginViewController.swift; sourceTree = "<group>"; };
		3D2633441EF441D600BD3750 /* AggressionMonitoring-Bridging-Header.h */ = {isa = PBXFileReference; lastKnownFileType = sourcecode.c.h; path = "AggressionMonitoring-Bridging-Header.h"; sourceTree = "<group>"; };
		3D2633451EF441D700BD3750 /* SWRevealViewController.h */ = {isa = PBXFileReference; fileEncoding = 4; lastKnownFileType = sourcecode.c.h; name = SWRevealViewController.h; path = "../../packages/SWRevealViewController-master/SWRevealViewController/SWRevealViewController.h"; sourceTree = "<group>"; };
		3D2633461EF441D700BD3750 /* SWRevealViewController.m */ = {isa = PBXFileReference; fileEncoding = 4; lastKnownFileType = sourcecode.c.objc; name = SWRevealViewController.m; path = "../../packages/SWRevealViewController-master/SWRevealViewController/SWRevealViewController.m"; sourceTree = "<group>"; };
		3D26334C1EF97B5F00BD3750 /* AddPatientViewController.swift */ = {isa = PBXFileReference; fileEncoding = 4; lastKnownFileType = sourcecode.swift; path = AddPatientViewController.swift; sourceTree = "<group>"; };
		3D2633501EF991E200BD3750 /* SlideOutViewController.swift */ = {isa = PBXFileReference; fileEncoding = 4; lastKnownFileType = sourcecode.swift; path = SlideOutViewController.swift; sourceTree = "<group>"; };
		3D5DAEAB1EFAF29600D650EA /* StatisticsViewController.swift */ = {isa = PBXFileReference; fileEncoding = 4; lastKnownFileType = sourcecode.swift; path = StatisticsViewController.swift; sourceTree = "<group>"; };
		3D5DAEAE1EFAF3FC00D650EA /* SensorChartView.swift */ = {isa = PBXFileReference; fileEncoding = 4; lastKnownFileType = sourcecode.swift; path = SensorChartView.swift; sourceTree = "<group>"; };
		3D5DAEB01EFAF40B00D650EA /* ObservedChartView.swift */ = {isa = PBXFileReference; fileEncoding = 4; lastKnownFileType = sourcecode.swift; path = ObservedChartView.swift; sourceTree = "<group>"; };
		3D5DAEB61EFB0D1100D650EA /* XAxisFormatter.swift */ = {isa = PBXFileReference; fileEncoding = 4; lastKnownFileType = sourcecode.swift; path = XAxisFormatter.swift; sourceTree = "<group>"; };
		3D5DAEB81EFC95F300D650EA /* UserNotifications.framework */ = {isa = PBXFileReference; lastKnownFileType = wrapper.framework; name = UserNotifications.framework; path = System/Library/Frameworks/UserNotifications.framework; sourceTree = SDKROOT; };
		3DA2A2581F158A4900E7B78D /* ModelViewController.swift */ = {isa = PBXFileReference; fileEncoding = 4; lastKnownFileType = sourcecode.swift; path = ModelViewController.swift; sourceTree = "<group>"; };
		3DD887851F029304005A2438 /* UIButtonX.swift */ = {isa = PBXFileReference; fileEncoding = 4; lastKnownFileType = sourcecode.swift; path = UIButtonX.swift; sourceTree = "<group>"; };
		3DD887861F029304005A2438 /* UIImageViewX.swift */ = {isa = PBXFileReference; fileEncoding = 4; lastKnownFileType = sourcecode.swift; path = UIImageViewX.swift; sourceTree = "<group>"; };
		3DD887871F029304005A2438 /* UILabelX.swift */ = {isa = PBXFileReference; fileEncoding = 4; lastKnownFileType = sourcecode.swift; path = UILabelX.swift; sourceTree = "<group>"; };
		3DD887881F029304005A2438 /* UISliderX.swift */ = {isa = PBXFileReference; fileEncoding = 4; lastKnownFileType = sourcecode.swift; path = UISliderX.swift; sourceTree = "<group>"; };
		3DD887891F029304005A2438 /* UITextFieldX.swift */ = {isa = PBXFileReference; fileEncoding = 4; lastKnownFileType = sourcecode.swift; path = UITextFieldX.swift; sourceTree = "<group>"; };
		3DD8878A1F029304005A2438 /* UIViewAnchorPoint.swift */ = {isa = PBXFileReference; fileEncoding = 4; lastKnownFileType = sourcecode.swift; path = UIViewAnchorPoint.swift; sourceTree = "<group>"; };
		3DD8878B1F029304005A2438 /* UIViewControllerX.swift */ = {isa = PBXFileReference; fileEncoding = 4; lastKnownFileType = sourcecode.swift; path = UIViewControllerX.swift; sourceTree = "<group>"; };
		3DD8878C1F029304005A2438 /* UIViewX.swift */ = {isa = PBXFileReference; fileEncoding = 4; lastKnownFileType = sourcecode.swift; path = UIViewX.swift; sourceTree = "<group>"; };
		3DD8878D1F029304005A2438 /* UIViewXRadialGradient.swift */ = {isa = PBXFileReference; fileEncoding = 4; lastKnownFileType = sourcecode.swift; path = UIViewXRadialGradient.swift; sourceTree = "<group>"; };
		3DD8878E1F029304005A2438 /* UIVisualEffectViewX.swift */ = {isa = PBXFileReference; fileEncoding = 4; lastKnownFileType = sourcecode.swift; path = UIVisualEffectViewX.swift; sourceTree = "<group>"; };
		3DD887AA1F0FB399005A2438 /* ActionCollectionViewCell.swift */ = {isa = PBXFileReference; fileEncoding = 4; lastKnownFileType = sourcecode.swift; path = ActionCollectionViewCell.swift; sourceTree = "<group>"; };
		3DD888071F0FD62B005A2438 /* ActionCollectionReusableView.swift */ = {isa = PBXFileReference; fileEncoding = 4; lastKnownFileType = sourcecode.swift; path = ActionCollectionReusableView.swift; sourceTree = "<group>"; };
		3DD888091F13CF19005A2438 /* ActionTableViewCell.swift */ = {isa = PBXFileReference; fileEncoding = 4; lastKnownFileType = sourcecode.swift; path = ActionTableViewCell.swift; sourceTree = "<group>"; };
		41B61AE31EE5A3F9008865FF /* AggressionMonitoring.app */ = {isa = PBXFileReference; explicitFileType = wrapper.application; includeInIndex = 0; path = AggressionMonitoring.app; sourceTree = BUILT_PRODUCTS_DIR; };
		41B61AE61EE5A3F9008865FF /* AppDelegate.swift */ = {isa = PBXFileReference; lastKnownFileType = sourcecode.swift; path = AppDelegate.swift; sourceTree = "<group>"; };
		41B61AE81EE5A3F9008865FF /* DetailViewController.swift */ = {isa = PBXFileReference; lastKnownFileType = sourcecode.swift; path = DetailViewController.swift; sourceTree = "<group>"; };
		41B61AEB1EE5A3F9008865FF /* Base */ = {isa = PBXFileReference; lastKnownFileType = file.storyboard; name = Base; path = Base.lproj/Main.storyboard; sourceTree = "<group>"; };
		41B61AED1EE5A3F9008865FF /* Assets.xcassets */ = {isa = PBXFileReference; lastKnownFileType = folder.assetcatalog; path = Assets.xcassets; sourceTree = "<group>"; };
		41B61AF01EE5A3FA008865FF /* Base */ = {isa = PBXFileReference; lastKnownFileType = file.storyboard; name = Base; path = Base.lproj/LaunchScreen.storyboard; sourceTree = "<group>"; };
		41B61AF21EE5A3FA008865FF /* Info.plist */ = {isa = PBXFileReference; lastKnownFileType = text.plist.xml; path = Info.plist; sourceTree = "<group>"; };
		41B61AFA1EE71764008865FF /* PatientRootTableViewController.swift */ = {isa = PBXFileReference; fileEncoding = 4; lastKnownFileType = sourcecode.swift; path = PatientRootTableViewController.swift; sourceTree = "<group>"; };
		41B61AFC1EE71A68008865FF /* PatientRootTableViewCell.swift */ = {isa = PBXFileReference; fileEncoding = 4; lastKnownFileType = sourcecode.swift; path = PatientRootTableViewCell.swift; sourceTree = "<group>"; };
		41B61AFE1EE71D69008865FF /* PatientRootUIView.swift */ = {isa = PBXFileReference; fileEncoding = 4; lastKnownFileType = sourcecode.swift; path = PatientRootUIView.swift; sourceTree = "<group>"; };
		41B61B001EE7212F008865FF /* Global.swift */ = {isa = PBXFileReference; fileEncoding = 4; lastKnownFileType = sourcecode.swift; path = Global.swift; sourceTree = "<group>"; };
		41E83B961EE751D7008EB517 /* AgressionMonitoring.entitlements */ = {isa = PBXFileReference; lastKnownFileType = text.plist.entitlements; path = AgressionMonitoring.entitlements; sourceTree = "<group>"; };
		B774A7D3BE35F6D0F5914786 /* Pods-AggressionMonitoring.release.xcconfig */ = {isa = PBXFileReference; includeInIndex = 1; lastKnownFileType = text.xcconfig; name = "Pods-AggressionMonitoring.release.xcconfig"; path = "Pods/Target Support Files/Pods-AggressionMonitoring/Pods-AggressionMonitoring.release.xcconfig"; sourceTree = "<group>"; };
		C055C0EA9DE8CB3BD839CC01 /* Pods-AgressionMonitoring.debug.xcconfig */ = {isa = PBXFileReference; includeInIndex = 1; lastKnownFileType = text.xcconfig; name = "Pods-AgressionMonitoring.debug.xcconfig"; path = "Pods/Target Support Files/Pods-AgressionMonitoring/Pods-AgressionMonitoring.debug.xcconfig"; sourceTree = "<group>"; };
		D1B6321BFE809C05696F9681 /* Pods-AggressionMonitoring.debug.xcconfig */ = {isa = PBXFileReference; includeInIndex = 1; lastKnownFileType = text.xcconfig; name = "Pods-AggressionMonitoring.debug.xcconfig"; path = "Pods/Target Support Files/Pods-AggressionMonitoring/Pods-AggressionMonitoring.debug.xcconfig"; sourceTree = "<group>"; };
		ED4822AEF47FCD63D5681ECC /* Pods_AggressionMonitoring.framework */ = {isa = PBXFileReference; explicitFileType = wrapper.framework; includeInIndex = 0; path = Pods_AggressionMonitoring.framework; sourceTree = BUILT_PRODUCTS_DIR; };
/* End PBXFileReference section */

/* Begin PBXFrameworksBuildPhase section */
		41B61AE01EE5A3F9008865FF /* Frameworks */ = {
			isa = PBXFrameworksBuildPhase;
			buildActionMask = 2147483647;
			files = (
				3D5DAEB91EFC95F300D650EA /* UserNotifications.framework in Frameworks */,
				C8805F71395929D7949B573D /* Pods_AggressionMonitoring.framework in Frameworks */,
			);
			runOnlyForDeploymentPostprocessing = 0;
		};
/* End PBXFrameworksBuildPhase section */

/* Begin PBXGroup section */
		3D2633481EF441E500BD3750 /* Supporting files */ = {
			isa = PBXGroup;
			children = (
				3DD887AC1F0FCE0C005A2438 /* SWRevealViewController */,
				3D2633441EF441D600BD3750 /* AggressionMonitoring-Bridging-Header.h */,
			);
			name = "Supporting files";
			sourceTree = "<group>";
		};
		3D26334F1EF991B900BD3750 /* Slide Out Menu */ = {
			isa = PBXGroup;
			children = (
				3D2633501EF991E200BD3750 /* SlideOutViewController.swift */,
				3D0009181F40CFA900669E72 /* AccountSettingsViewController.swift */,
			);
			name = "Slide Out Menu";
			sourceTree = "<group>";
		};
		3D5DAEAD1EFAF38200D650EA /* Statistics */ = {
			isa = PBXGroup;
			children = (
				3D5DAEAB1EFAF29600D650EA /* StatisticsViewController.swift */,
				3D5DAEAE1EFAF3FC00D650EA /* SensorChartView.swift */,
				3D5DAEB01EFAF40B00D650EA /* ObservedChartView.swift */,
				3D5DAEB61EFB0D1100D650EA /* XAxisFormatter.swift */,
			);
			name = Statistics;
			sourceTree = "<group>";
		};
		3DD8878F1F029304005A2438 /* DesignableX */ = {
			isa = PBXGroup;
			children = (
				3DD887851F029304005A2438 /* UIButtonX.swift */,
				3DD887861F029304005A2438 /* UIImageViewX.swift */,
				3DD887871F029304005A2438 /* UILabelX.swift */,
				3DD887881F029304005A2438 /* UISliderX.swift */,
				3DD887891F029304005A2438 /* UITextFieldX.swift */,
				3DD8878A1F029304005A2438 /* UIViewAnchorPoint.swift */,
				3DD8878B1F029304005A2438 /* UIViewControllerX.swift */,
				3DD8878C1F029304005A2438 /* UIViewX.swift */,
				3DD8878D1F029304005A2438 /* UIViewXRadialGradient.swift */,
				3DD8878E1F029304005A2438 /* UIVisualEffectViewX.swift */,
			);
			name = DesignableX;
			path = "/Users/rahulracha/Documents/Handson/iOS/packages/DesignableX-master/DesignableXTesting/DesignableXTesting/DesignableX";
			sourceTree = "<absolute>";
		};
		3DD887AC1F0FCE0C005A2438 /* SWRevealViewController */ = {
			isa = PBXGroup;
			children = (
				3D2633451EF441D700BD3750 /* SWRevealViewController.h */,
				3D2633461EF441D700BD3750 /* SWRevealViewController.m */,
			);
			name = SWRevealViewController;
			sourceTree = "<group>";
		};
		41972B641EE860D50072D6F1 /* Model */ = {
			isa = PBXGroup;
			children = (
				41B61B001EE7212F008865FF /* Global.swift */,
			);
			name = Model;
			sourceTree = "<group>";
		};
		41972B651EE867B90072D6F1 /* Patient */ = {
			isa = PBXGroup;
			children = (
				41B61AFA1EE71764008865FF /* PatientRootTableViewController.swift */,
				41B61AFC1EE71A68008865FF /* PatientRootTableViewCell.swift */,
				41B61AFE1EE71D69008865FF /* PatientRootUIView.swift */,
				3D26334C1EF97B5F00BD3750 /* AddPatientViewController.swift */,
				3D0009071F3D183A00669E72 /* DeletePatientViewController.swift */,
				3D0009141F3DFFB100669E72 /* DeletePatientTableViewCell.swift */,
			);
			name = Patient;
			sourceTree = "<group>";
		};
		41972B671EE868130072D6F1 /* Detail */ = {
			isa = PBXGroup;
			children = (
				41B61AE81EE5A3F9008865FF /* DetailViewController.swift */,
				3DD888091F13CF19005A2438 /* ActionTableViewCell.swift */,
				3DD887AA1F0FB399005A2438 /* ActionCollectionViewCell.swift */,
				3DD888071F0FD62B005A2438 /* ActionCollectionReusableView.swift */,
				3DA2A2581F158A4900E7B78D /* ModelViewController.swift */,
			);
			name = Detail;
			sourceTree = "<group>";
		};
		41B61ADA1EE5A3F9008865FF = {
			isa = PBXGroup;
			children = (
				3DD8878F1F029304005A2438 /* DesignableX */,
				41B61AE51EE5A3F9008865FF /* AgressionMonitoring */,
				41B61AE41EE5A3F9008865FF /* Products */,
				5F23FCD33960DAF9661C6463 /* Pods */,
				EE5C4C966DA1AACD8BB707F5 /* Frameworks */,
			);
			sourceTree = "<group>";
		};
		41B61AE41EE5A3F9008865FF /* Products */ = {
			isa = PBXGroup;
			children = (
				41B61AE31EE5A3F9008865FF /* AggressionMonitoring.app */,
			);
			name = Products;
			sourceTree = "<group>";
		};
		41B61AE51EE5A3F9008865FF /* AgressionMonitoring */ = {
			isa = PBXGroup;
			children = (
				41E83B961EE751D7008EB517 /* AgressionMonitoring.entitlements */,
				41B61AE61EE5A3F9008865FF /* AppDelegate.swift */,
				3D0DC6011EF041DC0011CB7D /* LoginViewController.swift */,
				3D0009161F4007DB00669E72 /* RegistrationViewController.swift */,
				41B61AEA1EE5A3F9008865FF /* Main.storyboard */,
				41B61AED1EE5A3F9008865FF /* Assets.xcassets */,
				41B61AEF1EE5A3FA008865FF /* LaunchScreen.storyboard */,
				41B61AF21EE5A3FA008865FF /* Info.plist */,
				3D2633481EF441E500BD3750 /* Supporting files */,
				3D5DAEAD1EFAF38200D650EA /* Statistics */,
				3D26334F1EF991B900BD3750 /* Slide Out Menu */,
				41972B671EE868130072D6F1 /* Detail */,
				41972B651EE867B90072D6F1 /* Patient */,
				41972B641EE860D50072D6F1 /* Model */,
			);
			path = AgressionMonitoring;
			sourceTree = "<group>";
		};
		5F23FCD33960DAF9661C6463 /* Pods */ = {
			isa = PBXGroup;
			children = (
				C055C0EA9DE8CB3BD839CC01 /* Pods-AgressionMonitoring.debug.xcconfig */,
				3916462B6938D3BCE08B58C9 /* Pods-AgressionMonitoring.release.xcconfig */,
				D1B6321BFE809C05696F9681 /* Pods-AggressionMonitoring.debug.xcconfig */,
				B774A7D3BE35F6D0F5914786 /* Pods-AggressionMonitoring.release.xcconfig */,
			);
			name = Pods;
			sourceTree = "<group>";
		};
		EE5C4C966DA1AACD8BB707F5 /* Frameworks */ = {
			isa = PBXGroup;
			children = (
				3D5DAEB81EFC95F300D650EA /* UserNotifications.framework */,
				2AB310B3DECAF560B2C188C8 /* Pods_AgressionMonitoring.framework */,
				ED4822AEF47FCD63D5681ECC /* Pods_AggressionMonitoring.framework */,
			);
			name = Frameworks;
			sourceTree = "<group>";
		};
/* End PBXGroup section */

/* Begin PBXNativeTarget section */
		41B61AE21EE5A3F9008865FF /* AggressionMonitoring */ = {
			isa = PBXNativeTarget;
			buildConfigurationList = 41B61AF51EE5A3FA008865FF /* Build configuration list for PBXNativeTarget "AggressionMonitoring" */;
			buildPhases = (
				D2D0DE175183C7C3FAC03348 /* [CP] Check Pods Manifest.lock */,
				41B61ADF1EE5A3F9008865FF /* Sources */,
				41B61AE01EE5A3F9008865FF /* Frameworks */,
				41B61AE11EE5A3F9008865FF /* Resources */,
				79275EEAE71072D66FD433BF /* [CP] Embed Pods Frameworks */,
				F48659B32937B4496D640171 /* [CP] Copy Pods Resources */,
			);
			buildRules = (
			);
			dependencies = (
			);
			name = AggressionMonitoring;
			productName = AgressionMonitoring;
			productReference = 41B61AE31EE5A3F9008865FF /* AggressionMonitoring.app */;
			productType = "com.apple.product-type.application";
		};
/* End PBXNativeTarget section */

/* Begin PBXProject section */
		41B61ADB1EE5A3F9008865FF /* Project object */ = {
			isa = PBXProject;
			attributes = {
				LastSwiftUpdateCheck = 0820;
				LastUpgradeCheck = 0820;
				ORGANIZATIONNAME = handson;
				TargetAttributes = {
					41B61AE21EE5A3F9008865FF = {
						CreatedOnToolsVersion = 8.2.1;
						DevelopmentTeam = Y3BMC87S4X;
						LastSwiftMigration = 0830;
						ProvisioningStyle = Automatic;
						SystemCapabilities = {
							com.apple.BackgroundModes = {
								enabled = 1;
							};
							com.apple.Push = {
								enabled = 1;
							};
						};
					};
				};
			};
			buildConfigurationList = 41B61ADE1EE5A3F9008865FF /* Build configuration list for PBXProject "AggressionMonitoring" */;
			compatibilityVersion = "Xcode 3.2";
			developmentRegion = English;
			hasScannedForEncodings = 0;
			knownRegions = (
				en,
				Base,
			);
			mainGroup = 41B61ADA1EE5A3F9008865FF;
			productRefGroup = 41B61AE41EE5A3F9008865FF /* Products */;
			projectDirPath = "";
			projectRoot = "";
			targets = (
				41B61AE21EE5A3F9008865FF /* AggressionMonitoring */,
			);
		};
/* End PBXProject section */

/* Begin PBXResourcesBuildPhase section */
		41B61AE11EE5A3F9008865FF /* Resources */ = {
			isa = PBXResourcesBuildPhase;
			buildActionMask = 2147483647;
			files = (
				41B61AF11EE5A3FA008865FF /* LaunchScreen.storyboard in Resources */,
				41B61AEE1EE5A3F9008865FF /* Assets.xcassets in Resources */,
				41B61AEC1EE5A3F9008865FF /* Main.storyboard in Resources */,
			);
			runOnlyForDeploymentPostprocessing = 0;
		};
/* End PBXResourcesBuildPhase section */

/* Begin PBXShellScriptBuildPhase section */
		79275EEAE71072D66FD433BF /* [CP] Embed Pods Frameworks */ = {
			isa = PBXShellScriptBuildPhase;
			buildActionMask = 2147483647;
			files = (
			);
			inputPaths = (
				"${SRCROOT}/Pods/Target Support Files/Pods-AggressionMonitoring/Pods-AggressionMonitoring-frameworks.sh",
				"${BUILT_PRODUCTS_DIR}/Alamofire/Alamofire.framework",
				"${BUILT_PRODUCTS_DIR}/Charts/Charts.framework",
				"${BUILT_PRODUCTS_DIR}/SwiftKeychainWrapper/SwiftKeychainWrapper.framework",
			);
			name = "[CP] Embed Pods Frameworks";
			outputPaths = (
				"${TARGET_BUILD_DIR}/${FRAMEWORKS_FOLDER_PATH}/Alamofire.framework",
				"${TARGET_BUILD_DIR}/${FRAMEWORKS_FOLDER_PATH}/Charts.framework",
				"${TARGET_BUILD_DIR}/${FRAMEWORKS_FOLDER_PATH}/SwiftKeychainWrapper.framework",
			);
			runOnlyForDeploymentPostprocessing = 0;
			shellPath = /bin/sh;
			shellScript = "\"${SRCROOT}/Pods/Target Support Files/Pods-AggressionMonitoring/Pods-AggressionMonitoring-frameworks.sh\"\n";
			showEnvVarsInLog = 0;
		};
		D2D0DE175183C7C3FAC03348 /* [CP] Check Pods Manifest.lock */ = {
			isa = PBXShellScriptBuildPhase;
			buildActionMask = 2147483647;
			files = (
			);
			inputPaths = (
				"${PODS_PODFILE_DIR_PATH}/Podfile.lock",
				"${PODS_ROOT}/Manifest.lock",
			);
			name = "[CP] Check Pods Manifest.lock";
			outputPaths = (
				"$(DERIVED_FILE_DIR)/Pods-AggressionMonitoring-checkManifestLockResult.txt",
			);
			runOnlyForDeploymentPostprocessing = 0;
			shellPath = /bin/sh;
			shellScript = "diff \"${PODS_PODFILE_DIR_PATH}/Podfile.lock\" \"${PODS_ROOT}/Manifest.lock\" > /dev/null\nif [ $? != 0 ] ; then\n    # print error to STDERR\n    echo \"error: The sandbox is not in sync with the Podfile.lock. Run 'pod install' or update your CocoaPods installation.\" >&2\n    exit 1\nfi\n# This output is used by Xcode 'outputs' to avoid re-running this script phase.\necho \"SUCCESS\" > \"${SCRIPT_OUTPUT_FILE_0}\"\n";
			showEnvVarsInLog = 0;
		};
		F48659B32937B4496D640171 /* [CP] Copy Pods Resources */ = {
			isa = PBXShellScriptBuildPhase;
			buildActionMask = 2147483647;
			files = (
			);
			inputPaths = (
			);
			name = "[CP] Copy Pods Resources";
			outputPaths = (
			);
			runOnlyForDeploymentPostprocessing = 0;
			shellPath = /bin/sh;
			shellScript = "\"${SRCROOT}/Pods/Target Support Files/Pods-AggressionMonitoring/Pods-AggressionMonitoring-resources.sh\"\n";
			showEnvVarsInLog = 0;
		};
/* End PBXShellScriptBuildPhase section */

/* Begin PBXSourcesBuildPhase section */
		41B61ADF1EE5A3F9008865FF /* Sources */ = {
			isa = PBXSourcesBuildPhase;
			buildActionMask = 2147483647;
			files = (
				3DD887951F029304005A2438 /* UIViewAnchorPoint.swift in Sources */,
				41B61AE91EE5A3F9008865FF /* DetailViewController.swift in Sources */,
				3D0009171F4007DC00669E72 /* RegistrationViewController.swift in Sources */,
				3DD887911F029304005A2438 /* UIImageViewX.swift in Sources */,
				3D5DAEB71EFB0D1100D650EA /* XAxisFormatter.swift in Sources */,
				3DD887AB1F0FB399005A2438 /* ActionCollectionViewCell.swift in Sources */,
				3DD887921F029304005A2438 /* UILabelX.swift in Sources */,
				41B61AE71EE5A3F9008865FF /* AppDelegate.swift in Sources */,
				41B61AFD1EE71A68008865FF /* PatientRootTableViewCell.swift in Sources */,
				3DD8880A1F13CF19005A2438 /* ActionTableViewCell.swift in Sources */,
				3D0009081F3D183A00669E72 /* DeletePatientViewController.swift in Sources */,
				3D0DC6021EF041DC0011CB7D /* LoginViewController.swift in Sources */,
				3DD887931F029304005A2438 /* UISliderX.swift in Sources */,
				41B61AFB1EE71764008865FF /* PatientRootTableViewController.swift in Sources */,
				3DD887961F029304005A2438 /* UIViewControllerX.swift in Sources */,
				41B61AFF1EE71D69008865FF /* PatientRootUIView.swift in Sources */,
				3D26334D1EF97B5F00BD3750 /* AddPatientViewController.swift in Sources */,
				3DD887901F029304005A2438 /* UIButtonX.swift in Sources */,
				3DA2A2591F158A4900E7B78D /* ModelViewController.swift in Sources */,
				3D5DAEB11EFAF40B00D650EA /* ObservedChartView.swift in Sources */,
				3D0009151F3DFFB100669E72 /* DeletePatientTableViewCell.swift in Sources */,
				3D0009191F40CFAA00669E72 /* AccountSettingsViewController.swift in Sources */,
				3D2633471EF441D700BD3750 /* SWRevealViewController.m in Sources */,
				3DD887941F029304005A2438 /* UITextFieldX.swift in Sources */,
				3D2633511EF991E200BD3750 /* SlideOutViewController.swift in Sources */,
				3DD887991F029304005A2438 /* UIVisualEffectViewX.swift in Sources */,
				3D5DAEAF1EFAF3FC00D650EA /* SensorChartView.swift in Sources */,
				3DD887971F029304005A2438 /* UIViewX.swift in Sources */,
				41B61B011EE7212F008865FF /* Global.swift in Sources */,
				3D5DAEAC1EFAF29600D650EA /* StatisticsViewController.swift in Sources */,
				3DD887981F029304005A2438 /* UIViewXRadialGradient.swift in Sources */,
				3DD888081F0FD62B005A2438 /* ActionCollectionReusableView.swift in Sources */,
			);
			runOnlyForDeploymentPostprocessing = 0;
		};
/* End PBXSourcesBuildPhase section */

/* Begin PBXVariantGroup section */
		41B61AEA1EE5A3F9008865FF /* Main.storyboard */ = {
			isa = PBXVariantGroup;
			children = (
				41B61AEB1EE5A3F9008865FF /* Base */,
			);
			name = Main.storyboard;
			sourceTree = "<group>";
		};
		41B61AEF1EE5A3FA008865FF /* LaunchScreen.storyboard */ = {
			isa = PBXVariantGroup;
			children = (
				41B61AF01EE5A3FA008865FF /* Base */,
			);
			name = LaunchScreen.storyboard;
			sourceTree = "<group>";
		};
/* End PBXVariantGroup section */

/* Begin XCBuildConfiguration section */
		41B61AF31EE5A3FA008865FF /* Debug */ = {
			isa = XCBuildConfiguration;
			buildSettings = {
				ALWAYS_SEARCH_USER_PATHS = NO;
				CLANG_ANALYZER_NONNULL = YES;
				CLANG_CXX_LANGUAGE_STANDARD = "gnu++0x";
				CLANG_CXX_LIBRARY = "libc++";
				CLANG_ENABLE_MODULES = YES;
				CLANG_ENABLE_OBJC_ARC = YES;
				CLANG_WARN_BOOL_CONVERSION = YES;
				CLANG_WARN_CONSTANT_CONVERSION = YES;
				CLANG_WARN_DIRECT_OBJC_ISA_USAGE = YES_ERROR;
				CLANG_WARN_DOCUMENTATION_COMMENTS = YES;
				CLANG_WARN_EMPTY_BODY = YES;
				CLANG_WARN_ENUM_CONVERSION = YES;
				CLANG_WARN_INFINITE_RECURSION = YES;
				CLANG_WARN_INT_CONVERSION = YES;
				CLANG_WARN_OBJC_ROOT_CLASS = YES_ERROR;
				CLANG_WARN_SUSPICIOUS_MOVE = YES;
				CLANG_WARN_UNREACHABLE_CODE = YES;
				CLANG_WARN__DUPLICATE_METHOD_MATCH = YES;
				"CODE_SIGN_IDENTITY[sdk=iphoneos*]" = "iPhone Developer";
				COPY_PHASE_STRIP = NO;
				DEBUG_INFORMATION_FORMAT = dwarf;
				ENABLE_STRICT_OBJC_MSGSEND = YES;
				ENABLE_TESTABILITY = YES;
				GCC_C_LANGUAGE_STANDARD = gnu99;
				GCC_DYNAMIC_NO_PIC = NO;
				GCC_NO_COMMON_BLOCKS = YES;
				GCC_OPTIMIZATION_LEVEL = 0;
				GCC_PREPROCESSOR_DEFINITIONS = (
					"DEBUG=1",
					"$(inherited)",
				);
				GCC_WARN_64_TO_32_BIT_CONVERSION = YES;
				GCC_WARN_ABOUT_RETURN_TYPE = YES_ERROR;
				GCC_WARN_UNDECLARED_SELECTOR = YES;
				GCC_WARN_UNINITIALIZED_AUTOS = YES_AGGRESSIVE;
				GCC_WARN_UNUSED_FUNCTION = YES;
				GCC_WARN_UNUSED_VARIABLE = YES;
				IPHONEOS_DEPLOYMENT_TARGET = 9.0;
				MTL_ENABLE_DEBUG_INFO = YES;
				ONLY_ACTIVE_ARCH = YES;
				SDKROOT = iphoneos;
				SWIFT_ACTIVE_COMPILATION_CONDITIONS = DEBUG;
				SWIFT_OPTIMIZATION_LEVEL = "-Onone";
				TARGETED_DEVICE_FAMILY = "1,2";
			};
			name = Debug;
		};
		41B61AF41EE5A3FA008865FF /* Release */ = {
			isa = XCBuildConfiguration;
			buildSettings = {
				ALWAYS_SEARCH_USER_PATHS = NO;
				CLANG_ANALYZER_NONNULL = YES;
				CLANG_CXX_LANGUAGE_STANDARD = "gnu++0x";
				CLANG_CXX_LIBRARY = "libc++";
				CLANG_ENABLE_MODULES = YES;
				CLANG_ENABLE_OBJC_ARC = YES;
				CLANG_WARN_BOOL_CONVERSION = YES;
				CLANG_WARN_CONSTANT_CONVERSION = YES;
				CLANG_WARN_DIRECT_OBJC_ISA_USAGE = YES_ERROR;
				CLANG_WARN_DOCUMENTATION_COMMENTS = YES;
				CLANG_WARN_EMPTY_BODY = YES;
				CLANG_WARN_ENUM_CONVERSION = YES;
				CLANG_WARN_INFINITE_RECURSION = YES;
				CLANG_WARN_INT_CONVERSION = YES;
				CLANG_WARN_OBJC_ROOT_CLASS = YES_ERROR;
				CLANG_WARN_SUSPICIOUS_MOVE = YES;
				CLANG_WARN_UNREACHABLE_CODE = YES;
				CLANG_WARN__DUPLICATE_METHOD_MATCH = YES;
				"CODE_SIGN_IDENTITY[sdk=iphoneos*]" = "iPhone Developer";
				COPY_PHASE_STRIP = NO;
				DEBUG_INFORMATION_FORMAT = "dwarf-with-dsym";
				ENABLE_NS_ASSERTIONS = NO;
				ENABLE_STRICT_OBJC_MSGSEND = YES;
				GCC_C_LANGUAGE_STANDARD = gnu99;
				GCC_NO_COMMON_BLOCKS = YES;
				GCC_WARN_64_TO_32_BIT_CONVERSION = YES;
				GCC_WARN_ABOUT_RETURN_TYPE = YES_ERROR;
				GCC_WARN_UNDECLARED_SELECTOR = YES;
				GCC_WARN_UNINITIALIZED_AUTOS = YES_AGGRESSIVE;
				GCC_WARN_UNUSED_FUNCTION = YES;
				GCC_WARN_UNUSED_VARIABLE = YES;
				IPHONEOS_DEPLOYMENT_TARGET = 9.0;
				MTL_ENABLE_DEBUG_INFO = NO;
				SDKROOT = iphoneos;
				SWIFT_OPTIMIZATION_LEVEL = "-Owholemodule";
				TARGETED_DEVICE_FAMILY = "1,2";
				VALIDATE_PRODUCT = YES;
			};
			name = Release;
		};
		41B61AF61EE5A3FA008865FF /* Debug */ = {
			isa = XCBuildConfiguration;
			baseConfigurationReference = D1B6321BFE809C05696F9681 /* Pods-AggressionMonitoring.debug.xcconfig */;
			buildSettings = {
				ASSETCATALOG_COMPILER_APPICON_NAME = AppIcon;
				CLANG_ENABLE_MODULES = YES;
				CODE_SIGN_ENTITLEMENTS = AgressionMonitoring/AgressionMonitoring.entitlements;
				DEVELOPMENT_TEAM = Y3BMC87S4X;
				INFOPLIST_FILE = AgressionMonitoring/Info.plist;
				IPHONEOS_DEPLOYMENT_TARGET = 9.0;
				LD_RUNPATH_SEARCH_PATHS = "$(inherited) @executable_path/Frameworks";
				PRODUCT_BUNDLE_IDENTIFIER = com.handson.odu.AggressionMonitoring;
				PRODUCT_NAME = "$(TARGET_NAME)";
				SWIFT_OBJC_BRIDGING_HEADER = "AgressionMonitoring/AggressionMonitoring-Bridging-Header.h";
				SWIFT_OPTIMIZATION_LEVEL = "-Onone";
				SWIFT_VERSION = 3.0;
				TARGETED_DEVICE_FAMILY = 2;
			};
			name = Debug;
		};
		41B61AF71EE5A3FA008865FF /* Release */ = {
			isa = XCBuildConfiguration;
			baseConfigurationReference = B774A7D3BE35F6D0F5914786 /* Pods-AggressionMonitoring.release.xcconfig */;
			buildSettings = {
				ASSETCATALOG_COMPILER_APPICON_NAME = AppIcon;
				CLANG_ENABLE_MODULES = YES;
				CODE_SIGN_ENTITLEMENTS = AgressionMonitoring/AgressionMonitoring.entitlements;
				DEVELOPMENT_TEAM = Y3BMC87S4X;
				INFOPLIST_FILE = AgressionMonitoring/Info.plist;
				IPHONEOS_DEPLOYMENT_TARGET = 9.0;
				LD_RUNPATH_SEARCH_PATHS = "$(inherited) @executable_path/Frameworks";
				PRODUCT_BUNDLE_IDENTIFIER = com.handson.odu.AggressionMonitoring;
				PRODUCT_NAME = "$(TARGET_NAME)";
				SWIFT_OBJC_BRIDGING_HEADER = "AgressionMonitoring/AggressionMonitoring-Bridging-Header.h";
				SWIFT_VERSION = 3.0;
				TARGETED_DEVICE_FAMILY = 2;
			};
			name = Release;
		};
/* End XCBuildConfiguration section */

/* Begin XCConfigurationList section */
		41B61ADE1EE5A3F9008865FF /* Build configuration list for PBXProject "AggressionMonitoring" */ = {
			isa = XCConfigurationList;
			buildConfigurations = (
				41B61AF31EE5A3FA008865FF /* Debug */,
				41B61AF41EE5A3FA008865FF /* Release */,
			);
			defaultConfigurationIsVisible = 0;
			defaultConfigurationName = Release;
		};
		41B61AF51EE5A3FA008865FF /* Build configuration list for PBXNativeTarget "AggressionMonitoring" */ = {
			isa = XCConfigurationList;
			buildConfigurations = (
				41B61AF61EE5A3FA008865FF /* Debug */,
				41B61AF71EE5A3FA008865FF /* Release */,
			);
			defaultConfigurationIsVisible = 0;
			defaultConfigurationName = Release;
		};
/* End XCConfigurationList section */
	};
	rootObject = 41B61ADB1EE5A3F9008865FF /* Project object */;
}
